
Microsoft Visual Studio Solution File, Format Version 12.00
# Visual Studio Version 17
VisualStudioVersion = 17.6.33712.159
MinimumVisualStudioVersion = 10.0.40219.1
Project("{FAE04EC0-301F-11D3-BF4B-00C04F79EFBC}") = "BaiKTRASQL", "BaiKTRASQL\BaiKTRASQL.csproj", "{ACE4FA55-FF5A-4AE6-B269-5D379943CE48}"
EndProject
Global
	GlobalSection(SolutionConfigurationPlatforms) = preSolution
		Debug|Any CPU = Debug|Any CPU
		Release|Any CPU = Release|Any CPU
	EndGlobalSection
	GlobalSection(ProjectConfigurationPlatforms) = postSolution
		{ACE4FA55-FF5A-4AE6-B269-5D379943CE48}.Debug|Any CPU.ActiveCfg = Debug|Any CPU
		{ACE4FA55-FF5A-4AE6-B269-5D379943CE48}.Debug|Any CPU.Build.0 = Debug|Any CPU
		{ACE4FA55-FF5A-4AE6-B269-5D379943CE48}.Release|Any CPU.ActiveCfg = Release|Any CPU
		{ACE4FA55-FF5A-4AE6-B269-5D379943CE48}.Release|Any CPU.Build.0 = Release|Any CPU
	EndGlobalSection
	GlobalSection(SolutionProperties) = preSolution
		HideSolutionNode = FALSE
	EndGlobalSection
	GlobalSection(ExtensibilityGlobals) = postSolution
		SolutionGuid = {81339536-A418-4358-9B00-33635F84828E}
	EndGlobalSection
EndGlobal
